
Microsoft Visual Studio Solution File, Format Version 12.00
Project("{FAE04EC0-301F-11D3-BF4B-00C04F79EFBC}") = "Lab4_2", "Lab4_2.csproj", "{8DC3CCDA-D689-4BE5-8D08-4DFD6023A1FF}"
EndProject
Global
	GlobalSection(SolutionConfigurationPlatforms) = preSolution
		Debug|Any CPU = Debug|Any CPU
		Release|Any CPU = Release|Any CPU
	EndGlobalSection
	GlobalSection(ProjectConfigurationPlatforms) = postSolution
		{8DC3CCDA-D689-4BE5-8D08-4DFD6023A1FF}.Debug|Any CPU.ActiveCfg = Debug|Any CPU
		{8DC3CCDA-D689-4BE5-8D08-4DFD6023A1FF}.Debug|Any CPU.Build.0 = Debug|Any CPU
		{8DC3CCDA-D689-4BE5-8D08-4DFD6023A1FF}.Release|Any CPU.ActiveCfg = Release|Any CPU
		{8DC3CCDA-D689-4BE5-8D08-4DFD6023A1FF}.Release|Any CPU.Build.0 = Release|Any CPU
	EndGlobalSection
EndGlobal
